// !$*UTF8*$!
{
	archiveVersion = 1;
	classes = {
	};
	objectVersion = 46;
	objects = {

/* Begin PBXBuildFile section */
		1C2310A71EE0AF200025D428 /* ConnectRemoteViewController.swift in Sources */ = {isa = PBXBuildFile; fileRef = 1C2310A61EE0AF200025D428 /* ConnectRemoteViewController.swift */; };
		1C2310AA1EE0B0BD0025D428 /* SettingsViewController.swift in Sources */ = {isa = PBXBuildFile; fileRef = 1C2310A91EE0B0BD0025D428 /* SettingsViewController.swift */; };
		CB189AD21EE068A500910881 /* MainViewController.swift in Sources */ = {isa = PBXBuildFile; fileRef = CB189AD01EE068A500910881 /* MainViewController.swift */; };
		CB189ADB1EE068B800910881 /* ContainerViewController.swift in Sources */ = {isa = PBXBuildFile; fileRef = CB189AD41EE068B800910881 /* ContainerViewController.swift */; };
		CB189ADC1EE068B800910881 /* CustomUIViewControllerClass.swift in Sources */ = {isa = PBXBuildFile; fileRef = CB189AD51EE068B800910881 /* CustomUIViewControllerClass.swift */; };
		CB189ADD1EE068B800910881 /* GestureHandler.swift in Sources */ = {isa = PBXBuildFile; fileRef = CB189AD61EE068B800910881 /* GestureHandler.swift */; };
		CB189ADE1EE068B800910881 /* Globals.swift in Sources */ = {isa = PBXBuildFile; fileRef = CB189AD71EE068B800910881 /* Globals.swift */; };
		CB189ADF1EE068B800910881 /* MenuList.swift in Sources */ = {isa = PBXBuildFile; fileRef = CB189AD81EE068B800910881 /* MenuList.swift */; };
		CB189AE01EE068B800910881 /* DelegateFunctions.swift in Sources */ = {isa = PBXBuildFile; fileRef = CB189AD91EE068B800910881 /* DelegateFunctions.swift */; };
		CB189AE11EE068B800910881 /* RootViewController.swift in Sources */ = {isa = PBXBuildFile; fileRef = CB189ADA1EE068B800910881 /* RootViewController.swift */; };
		CB60E07E1EE06B53005D4AB0 /* Test.swift in Sources */ = {isa = PBXBuildFile; fileRef = CB60E07D1EE06B53005D4AB0 /* Test.swift */; };
		CB60E0801EE071C3005D4AB0 /* control_flow.txt in Resources */ = {isa = PBXBuildFile; fileRef = CB60E07F1EE071C3005D4AB0 /* control_flow.txt */; };
		CB60E0831EE072FB005D4AB0 /* ExerciseViewController.swift in Sources */ = {isa = PBXBuildFile; fileRef = CB60E0821EE072FB005D4AB0 /* ExerciseViewController.swift */; };
		CB60E08E1EE07AE5005D4AB0 /* AudioToolbox.framework in Frameworks */ = {isa = PBXBuildFile; fileRef = CB60E08C1EE07AE5005D4AB0 /* AudioToolbox.framework */; };
		CB60E08F1EE07AE5005D4AB0 /* AVFoundation.framework in Frameworks */ = {isa = PBXBuildFile; fileRef = CB60E08D1EE07AE5005D4AB0 /* AVFoundation.framework */; };
		CB60E0951EE08B18005D4AB0 /* AcousticModelEnglish.bundle in Resources */ = {isa = PBXBuildFile; fileRef = CB60E0921EE08B18005D4AB0 /* AcousticModelEnglish.bundle */; };
		CB60E0961EE08B18005D4AB0 /* OpenEars.framework in Frameworks */ = {isa = PBXBuildFile; fileRef = CB60E0931EE08B18005D4AB0 /* OpenEars.framework */; };
		CB60E0971EE08B18005D4AB0 /* Slt.framework in Frameworks */ = {isa = PBXBuildFile; fileRef = CB60E0941EE08B18005D4AB0 /* Slt.framework */; };
		CB60E0CD1EE091E4005D4AB0 /* VoiceRecognitionOffline.swift in Sources */ = {isa = PBXBuildFile; fileRef = CB60E0CC1EE091E4005D4AB0 /* VoiceRecognitionOffline.swift */; };
		CB60E0D11EE0A2D4005D4AB0 /* OldSessionViewController.swift in Sources */ = {isa = PBXBuildFile; fileRef = CB60E0D01EE0A2D4005D4AB0 /* OldSessionViewController.swift */; };
		CB60E0D31EE0A46B005D4AB0 /* ProfileViewController.swift in Sources */ = {isa = PBXBuildFile; fileRef = CB60E0D21EE0A46B005D4AB0 /* ProfileViewController.swift */; };
		CB60E0D61EE0AE81005D4AB0 /* SpeechEngine.swift in Sources */ = {isa = PBXBuildFile; fileRef = CB60E0D51EE0AE81005D4AB0 /* SpeechEngine.swift */; };
		CB60E0D81EE0E092005D4AB0 /* SessionViewController.swift in Sources */ = {isa = PBXBuildFile; fileRef = CB60E0D71EE0E092005D4AB0 /* SessionViewController.swift */; };
		CB60E0DB1EE17782005D4AB0 /* VoiceControl.swift in Sources */ = {isa = PBXBuildFile; fileRef = CB60E0DA1EE17781005D4AB0 /* VoiceControl.swift */; };
		CBD2AB951EE0682800974383 /* AppDelegate.swift in Sources */ = {isa = PBXBuildFile; fileRef = CBD2AB941EE0682800974383 /* AppDelegate.swift */; };
		CBD2AB9A1EE0682800974383 /* Main.storyboard in Resources */ = {isa = PBXBuildFile; fileRef = CBD2AB981EE0682800974383 /* Main.storyboard */; };
		CBD2AB9C1EE0682800974383 /* Assets.xcassets in Resources */ = {isa = PBXBuildFile; fileRef = CBD2AB9B1EE0682800974383 /* Assets.xcassets */; };
		CBD2AB9F1EE0682800974383 /* LaunchScreen.storyboard in Resources */ = {isa = PBXBuildFile; fileRef = CBD2AB9D1EE0682800974383 /* LaunchScreen.storyboard */; };
/* End PBXBuildFile section */

/* Begin PBXFileReference section */
		1C2310A61EE0AF200025D428 /* ConnectRemoteViewController.swift */ = {isa = PBXFileReference; fileEncoding = 4; lastKnownFileType = sourcecode.swift; path = ConnectRemoteViewController.swift; sourceTree = "<group>"; };
		1C2310A91EE0B0BD0025D428 /* SettingsViewController.swift */ = {isa = PBXFileReference; fileEncoding = 4; lastKnownFileType = sourcecode.swift; path = SettingsViewController.swift; sourceTree = "<group>"; };
		CB189AD01EE068A500910881 /* MainViewController.swift */ = {isa = PBXFileReference; fileEncoding = 4; lastKnownFileType = sourcecode.swift; path = MainViewController.swift; sourceTree = "<group>"; };
		CB189AD41EE068B800910881 /* ContainerViewController.swift */ = {isa = PBXFileReference; fileEncoding = 4; lastKnownFileType = sourcecode.swift; name = ContainerViewController.swift; path = "hey-coacher/ContainerViewController.swift"; sourceTree = "<group>"; };
		CB189AD51EE068B800910881 /* CustomUIViewControllerClass.swift */ = {isa = PBXFileReference; fileEncoding = 4; lastKnownFileType = sourcecode.swift; name = CustomUIViewControllerClass.swift; path = "hey-coacher/CustomUIViewControllerClass.swift"; sourceTree = "<group>"; };
		CB189AD61EE068B800910881 /* GestureHandler.swift */ = {isa = PBXFileReference; fileEncoding = 4; lastKnownFileType = sourcecode.swift; name = GestureHandler.swift; path = "hey-coacher/GestureHandler.swift"; sourceTree = "<group>"; };
		CB189AD71EE068B800910881 /* Globals.swift */ = {isa = PBXFileReference; fileEncoding = 4; lastKnownFileType = sourcecode.swift; name = Globals.swift; path = "hey-coacher/Globals.swift"; sourceTree = "<group>"; };
		CB189AD81EE068B800910881 /* MenuList.swift */ = {isa = PBXFileReference; fileEncoding = 4; lastKnownFileType = sourcecode.swift; name = MenuList.swift; path = "hey-coacher/MenuList.swift"; sourceTree = "<group>"; };
		CB189AD91EE068B800910881 /* DelegateFunctions.swift */ = {isa = PBXFileReference; fileEncoding = 4; lastKnownFileType = sourcecode.swift; name = DelegateFunctions.swift; path = "hey-coacher/DelegateFunctions.swift"; sourceTree = "<group>"; };
		CB189ADA1EE068B800910881 /* RootViewController.swift */ = {isa = PBXFileReference; fileEncoding = 4; lastKnownFileType = sourcecode.swift; name = RootViewController.swift; path = "hey-coacher/RootViewController.swift"; sourceTree = "<group>"; };
		CB60E07D1EE06B53005D4AB0 /* Test.swift */ = {isa = PBXFileReference; fileEncoding = 4; lastKnownFileType = sourcecode.swift; path = Test.swift; sourceTree = "<group>"; };
		CB60E07F1EE071C3005D4AB0 /* control_flow.txt */ = {isa = PBXFileReference; fileEncoding = 4; lastKnownFileType = text; path = control_flow.txt; sourceTree = "<group>"; };
		CB60E0821EE072FB005D4AB0 /* ExerciseViewController.swift */ = {isa = PBXFileReference; fileEncoding = 4; lastKnownFileType = sourcecode.swift; path = ExerciseViewController.swift; sourceTree = "<group>"; };
		CB60E08C1EE07AE5005D4AB0 /* AudioToolbox.framework */ = {isa = PBXFileReference; lastKnownFileType = wrapper.framework; name = AudioToolbox.framework; path = System/Library/Frameworks/AudioToolbox.framework; sourceTree = SDKROOT; };
		CB60E08D1EE07AE5005D4AB0 /* AVFoundation.framework */ = {isa = PBXFileReference; lastKnownFileType = wrapper.framework; name = AVFoundation.framework; path = System/Library/Frameworks/AVFoundation.framework; sourceTree = SDKROOT; };
		CB60E0921EE08B18005D4AB0 /* AcousticModelEnglish.bundle */ = {isa = PBXFileReference; lastKnownFileType = "wrapper.plug-in"; path = AcousticModelEnglish.bundle; sourceTree = "<group>"; };
		CB60E0931EE08B18005D4AB0 /* OpenEars.framework */ = {isa = PBXFileReference; lastKnownFileType = wrapper.framework; path = OpenEars.framework; sourceTree = "<group>"; };
		CB60E0941EE08B18005D4AB0 /* Slt.framework */ = {isa = PBXFileReference; lastKnownFileType = wrapper.framework; path = Slt.framework; sourceTree = "<group>"; };
		CB60E0CB1EE091B1005D4AB0 /* OpenEarsHeader.h */ = {isa = PBXFileReference; fileEncoding = 4; lastKnownFileType = sourcecode.c.h; path = OpenEarsHeader.h; sourceTree = "<group>"; };
		CB60E0CC1EE091E4005D4AB0 /* VoiceRecognitionOffline.swift */ = {isa = PBXFileReference; fileEncoding = 4; lastKnownFileType = sourcecode.swift; path = VoiceRecognitionOffline.swift; sourceTree = "<group>"; };
		CB60E0D01EE0A2D4005D4AB0 /* OldSessionViewController.swift */ = {isa = PBXFileReference; fileEncoding = 4; lastKnownFileType = sourcecode.swift; path = OldSessionViewController.swift; sourceTree = "<group>"; };
		CB60E0D21EE0A46B005D4AB0 /* ProfileViewController.swift */ = {isa = PBXFileReference; fileEncoding = 4; lastKnownFileType = sourcecode.swift; path = ProfileViewController.swift; sourceTree = "<group>"; };
		CB60E0D51EE0AE81005D4AB0 /* SpeechEngine.swift */ = {isa = PBXFileReference; fileEncoding = 4; lastKnownFileType = sourcecode.swift; path = SpeechEngine.swift; sourceTree = "<group>"; };
		CB60E0D71EE0E092005D4AB0 /* SessionViewController.swift */ = {isa = PBXFileReference; fileEncoding = 4; lastKnownFileType = sourcecode.swift; path = SessionViewController.swift; sourceTree = "<group>"; };
		CB60E0DA1EE17781005D4AB0 /* VoiceControl.swift */ = {isa = PBXFileReference; fileEncoding = 4; lastKnownFileType = sourcecode.swift; path = VoiceControl.swift; sourceTree = "<group>"; };
		CBD2AB911EE0682700974383 /* Hey Coacher.app */ = {isa = PBXFileReference; explicitFileType = wrapper.application; includeInIndex = 0; path = "Hey Coacher.app"; sourceTree = BUILT_PRODUCTS_DIR; };
		CBD2AB941EE0682800974383 /* AppDelegate.swift */ = {isa = PBXFileReference; lastKnownFileType = sourcecode.swift; path = AppDelegate.swift; sourceTree = "<group>"; };
		CBD2AB991EE0682800974383 /* Base */ = {isa = PBXFileReference; lastKnownFileType = file.storyboard; name = Base; path = Base.lproj/Main.storyboard; sourceTree = "<group>"; };
		CBD2AB9B1EE0682800974383 /* Assets.xcassets */ = {isa = PBXFileReference; lastKnownFileType = folder.assetcatalog; path = Assets.xcassets; sourceTree = "<group>"; };
		CBD2AB9E1EE0682800974383 /* Base */ = {isa = PBXFileReference; lastKnownFileType = file.storyboard; name = Base; path = Base.lproj/LaunchScreen.storyboard; sourceTree = "<group>"; };
		CBD2ABA01EE0682800974383 /* Info.plist */ = {isa = PBXFileReference; lastKnownFileType = text.plist.xml; path = Info.plist; sourceTree = "<group>"; };
/* End PBXFileReference section */

/* Begin PBXFrameworksBuildPhase section */
		CBD2AB8E1EE0682700974383 /* Frameworks */ = {
			isa = PBXFrameworksBuildPhase;
			buildActionMask = 2147483647;
			files = (
				CB60E0971EE08B18005D4AB0 /* Slt.framework in Frameworks */,
				CB60E08E1EE07AE5005D4AB0 /* AudioToolbox.framework in Frameworks */,
				CB60E08F1EE07AE5005D4AB0 /* AVFoundation.framework in Frameworks */,
				CB60E0961EE08B18005D4AB0 /* OpenEars.framework in Frameworks */,
			);
			runOnlyForDeploymentPostprocessing = 0;
		};
/* End PBXFrameworksBuildPhase section */

/* Begin PBXGroup section */
		1C2310A81EE0B09D0025D428 /* Settings */ = {
			isa = PBXGroup;
			children = (
				1C2310A61EE0AF200025D428 /* ConnectRemoteViewController.swift */,
				1C2310A91EE0B0BD0025D428 /* SettingsViewController.swift */,
			);
			name = Settings;
			sourceTree = "<group>";
		};
		CB189AE21EE0693B00910881 /* Root */ = {
			isa = PBXGroup;
			children = (
				CB189ADA1EE068B800910881 /* RootViewController.swift */,
				CB189AD61EE068B800910881 /* GestureHandler.swift */,
				CB189AD91EE068B800910881 /* DelegateFunctions.swift */,
				CB189AD41EE068B800910881 /* ContainerViewController.swift */,
				CB60E0D51EE0AE81005D4AB0 /* SpeechEngine.swift */,
				CB60E0CC1EE091E4005D4AB0 /* VoiceRecognitionOffline.swift */,
				CB60E0DA1EE17781005D4AB0 /* VoiceControl.swift */,
			);
			name = Root;
			sourceTree = "<group>";
		};
		CB189AE31EE0695700910881 /* Global */ = {
			isa = PBXGroup;
			children = (
				CB189AD71EE068B800910881 /* Globals.swift */,
				CB189AD81EE068B800910881 /* MenuList.swift */,
				CB189AD51EE068B800910881 /* CustomUIViewControllerClass.swift */,
				CB60E07D1EE06B53005D4AB0 /* Test.swift */,
			);
			name = Global;
			sourceTree = "<group>";
		};
		CB60E0811EE071E0005D4AB0 /* Notes */ = {
			isa = PBXGroup;
			children = (
				CB60E07F1EE071C3005D4AB0 /* control_flow.txt */,
			);
			name = Notes;
			sourceTree = "<group>";
		};
		CB60E08B1EE07AE5005D4AB0 /* Frameworks */ = {
			isa = PBXGroup;
			children = (
				CB60E08C1EE07AE5005D4AB0 /* AudioToolbox.framework */,
				CB60E08D1EE07AE5005D4AB0 /* AVFoundation.framework */,
			);
			name = Frameworks;
			sourceTree = "<group>";
		};
		CB60E0911EE08B18005D4AB0 /* Framework */ = {
			isa = PBXGroup;
			children = (
				CB60E0921EE08B18005D4AB0 /* AcousticModelEnglish.bundle */,
				CB60E0931EE08B18005D4AB0 /* OpenEars.framework */,
				CB60E0941EE08B18005D4AB0 /* Slt.framework */,
			);
			path = Framework;
			sourceTree = "<group>";
		};
		CB60E0D41EE0A46F005D4AB0 /* Profile */ = {
			isa = PBXGroup;
			children = (
				CB60E0D21EE0A46B005D4AB0 /* ProfileViewController.swift */,
			);
			name = Profile;
			sourceTree = "<group>";
		};
		CB60E0D91EE0E098005D4AB0 /* Exercise */ = {
			isa = PBXGroup;
			children = (
				CB60E0821EE072FB005D4AB0 /* ExerciseViewController.swift */,
				CB60E0D01EE0A2D4005D4AB0 /* OldSessionViewController.swift */,
				CB60E0D71EE0E092005D4AB0 /* SessionViewController.swift */,
			);
			name = Exercise;
			sourceTree = "<group>";
		};
		CBD2AB881EE0682700974383 = {
			isa = PBXGroup;
			children = (
				CB60E0CB1EE091B1005D4AB0 /* OpenEarsHeader.h */,
				CBD2AB931EE0682700974383 /* Hey Coacher */,
				CBD2AB921EE0682700974383 /* Products */,
				CB60E0911EE08B18005D4AB0 /* Framework */,
				CB60E08B1EE07AE5005D4AB0 /* Frameworks */,
			);
			sourceTree = "<group>";
		};
		CBD2AB921EE0682700974383 /* Products */ = {
			isa = PBXGroup;
			children = (
				CBD2AB911EE0682700974383 /* Hey Coacher.app */,
			);
			name = Products;
			sourceTree = "<group>";
		};
		CBD2AB931EE0682700974383 /* Hey Coacher */ = {
			isa = PBXGroup;
			children = (
				1C2310A81EE0B09D0025D428 /* Settings */,
				CB60E0811EE071E0005D4AB0 /* Notes */,
				CBD2AB941EE0682800974383 /* AppDelegate.swift */,
				CB189AE31EE0695700910881 /* Global */,
				CB189AE21EE0693B00910881 /* Root */,
				CB189AD01EE068A500910881 /* MainViewController.swift */,
				CB60E0D91EE0E098005D4AB0 /* Exercise */,
				CB60E0D41EE0A46F005D4AB0 /* Profile */,
				CBD2AB981EE0682800974383 /* Main.storyboard */,
				CBD2AB9B1EE0682800974383 /* Assets.xcassets */,
				CBD2AB9D1EE0682800974383 /* LaunchScreen.storyboard */,
				CBD2ABA01EE0682800974383 /* Info.plist */,
			);
			path = "Hey Coacher";
			sourceTree = "<group>";
		};
/* End PBXGroup section */

/* Begin PBXNativeTarget section */
		CBD2AB901EE0682700974383 /* Hey Coacher */ = {
			isa = PBXNativeTarget;
			buildConfigurationList = CBD2ABA31EE0682800974383 /* Build configuration list for PBXNativeTarget "Hey Coacher" */;
			buildPhases = (
				CBD2AB8D1EE0682700974383 /* Sources */,
				CBD2AB8E1EE0682700974383 /* Frameworks */,
				CBD2AB8F1EE0682700974383 /* Resources */,
			);
			buildRules = (
			);
			dependencies = (
			);
			name = "Hey Coacher";
			productName = "Hey Coacher";
			productReference = CBD2AB911EE0682700974383 /* Hey Coacher.app */;
			productType = "com.apple.product-type.application";
		};
/* End PBXNativeTarget section */

/* Begin PBXProject section */
		CBD2AB891EE0682700974383 /* Project object */ = {
			isa = PBXProject;
			attributes = {
				LastSwiftUpdateCheck = 0830;
				LastUpgradeCheck = 0830;
				ORGANIZATIONNAME = "imperial-smartbike";
				TargetAttributes = {
					CBD2AB901EE0682700974383 = {
						CreatedOnToolsVersion = 8.3.2;
						DevelopmentTeam = CB6DHSUPD9;
						ProvisioningStyle = Automatic;
					};
				};
			};
			buildConfigurationList = CBD2AB8C1EE0682700974383 /* Build configuration list for PBXProject "Hey Coacher" */;
			compatibilityVersion = "Xcode 3.2";
			developmentRegion = English;
			hasScannedForEncodings = 0;
			knownRegions = (
				en,
				Base,
			);
			mainGroup = CBD2AB881EE0682700974383;
			productRefGroup = CBD2AB921EE0682700974383 /* Products */;
			projectDirPath = "";
			projectRoot = "";
			targets = (
				CBD2AB901EE0682700974383 /* Hey Coacher */,
			);
		};
/* End PBXProject section */

/* Begin PBXResourcesBuildPhase section */
		CBD2AB8F1EE0682700974383 /* Resources */ = {
			isa = PBXResourcesBuildPhase;
			buildActionMask = 2147483647;
			files = (
				CBD2AB9F1EE0682800974383 /* LaunchScreen.storyboard in Resources */,
				CBD2AB9C1EE0682800974383 /* Assets.xcassets in Resources */,
				CB60E0801EE071C3005D4AB0 /* control_flow.txt in Resources */,
				CB60E0951EE08B18005D4AB0 /* AcousticModelEnglish.bundle in Resources */,
				CBD2AB9A1EE0682800974383 /* Main.storyboard in Resources */,
			);
			runOnlyForDeploymentPostprocessing = 0;
		};
/* End PBXResourcesBuildPhase section */

/* Begin PBXSourcesBuildPhase section */
		CBD2AB8D1EE0682700974383 /* Sources */ = {
			isa = PBXSourcesBuildPhase;
			buildActionMask = 2147483647;
			files = (
				CB189AD21EE068A500910881 /* MainViewController.swift in Sources */,
				CB189ADE1EE068B800910881 /* Globals.swift in Sources */,
				CB189AE11EE068B800910881 /* RootViewController.swift in Sources */,
				CB60E0D81EE0E092005D4AB0 /* SessionViewController.swift in Sources */,
				CB189ADC1EE068B800910881 /* CustomUIViewControllerClass.swift in Sources */,
				CB60E0DB1EE17782005D4AB0 /* VoiceControl.swift in Sources */,
				CB60E0D31EE0A46B005D4AB0 /* ProfileViewController.swift in Sources */,
				CB60E07E1EE06B53005D4AB0 /* Test.swift in Sources */,
				CB189ADB1EE068B800910881 /* ContainerViewController.swift in Sources */,
				1C2310AA1EE0B0BD0025D428 /* SettingsViewController.swift in Sources */,
				1C2310A71EE0AF200025D428 /* ConnectRemoteViewController.swift in Sources */,
				CB60E0CD1EE091E4005D4AB0 /* VoiceRecognitionOffline.swift in Sources */,
				CB189ADD1EE068B800910881 /* GestureHandler.swift in Sources */,
				CB60E0D61EE0AE81005D4AB0 /* SpeechEngine.swift in Sources */,
				CB60E0D11EE0A2D4005D4AB0 /* OldSessionViewController.swift in Sources */,
				CB189ADF1EE068B800910881 /* MenuList.swift in Sources */,
				CB189AE01EE068B800910881 /* DelegateFunctions.swift in Sources */,
				CB60E0831EE072FB005D4AB0 /* ExerciseViewController.swift in Sources */,
				CBD2AB951EE0682800974383 /* AppDelegate.swift in Sources */,
			);
			runOnlyForDeploymentPostprocessing = 0;
		};
/* End PBXSourcesBuildPhase section */

/* Begin PBXVariantGroup section */
		CBD2AB981EE0682800974383 /* Main.storyboard */ = {
			isa = PBXVariantGroup;
			children = (
				CBD2AB991EE0682800974383 /* Base */,
			);
			name = Main.storyboard;
			sourceTree = "<group>";
		};
		CBD2AB9D1EE0682800974383 /* LaunchScreen.storyboard */ = {
			isa = PBXVariantGroup;
			children = (
				CBD2AB9E1EE0682800974383 /* Base */,
			);
			name = LaunchScreen.storyboard;
			sourceTree = "<group>";
		};
/* End PBXVariantGroup section */

/* Begin XCBuildConfiguration section */
		CBD2ABA11EE0682800974383 /* Debug */ = {
			isa = XCBuildConfiguration;
			buildSettings = {
				ALWAYS_SEARCH_USER_PATHS = NO;
				CLANG_ANALYZER_NONNULL = YES;
				CLANG_ANALYZER_NUMBER_OBJECT_CONVERSION = YES_AGGRESSIVE;
				CLANG_CXX_LANGUAGE_STANDARD = "gnu++0x";
				CLANG_CXX_LIBRARY = "libc++";
				CLANG_ENABLE_MODULES = YES;
				CLANG_ENABLE_OBJC_ARC = YES;
				CLANG_WARN_BOOL_CONVERSION = YES;
				CLANG_WARN_CONSTANT_CONVERSION = YES;
				CLANG_WARN_DIRECT_OBJC_ISA_USAGE = YES_ERROR;
				CLANG_WARN_DOCUMENTATION_COMMENTS = YES;
				CLANG_WARN_EMPTY_BODY = YES;
				CLANG_WARN_ENUM_CONVERSION = YES;
				CLANG_WARN_INFINITE_RECURSION = YES;
				CLANG_WARN_INT_CONVERSION = YES;
				CLANG_WARN_OBJC_ROOT_CLASS = YES_ERROR;
				CLANG_WARN_SUSPICIOUS_MOVE = YES;
				CLANG_WARN_UNREACHABLE_CODE = YES;
				CLANG_WARN__DUPLICATE_METHOD_MATCH = YES;
				"CODE_SIGN_IDENTITY[sdk=iphoneos*]" = "iPhone Developer";
				COPY_PHASE_STRIP = NO;
				DEBUG_INFORMATION_FORMAT = dwarf;
				ENABLE_STRICT_OBJC_MSGSEND = YES;
				ENABLE_TESTABILITY = YES;
				GCC_C_LANGUAGE_STANDARD = gnu99;
				GCC_DYNAMIC_NO_PIC = NO;
				GCC_NO_COMMON_BLOCKS = YES;
				GCC_OPTIMIZATION_LEVEL = 0;
				GCC_PREPROCESSOR_DEFINITIONS = (
					"DEBUG=1",
					"$(inherited)",
				);
				GCC_WARN_64_TO_32_BIT_CONVERSION = YES;
				GCC_WARN_ABOUT_RETURN_TYPE = YES_ERROR;
				GCC_WARN_UNDECLARED_SELECTOR = YES;
				GCC_WARN_UNINITIALIZED_AUTOS = YES_AGGRESSIVE;
				GCC_WARN_UNUSED_FUNCTION = YES;
				GCC_WARN_UNUSED_VARIABLE = YES;
				IPHONEOS_DEPLOYMENT_TARGET = 10.3;
				MTL_ENABLE_DEBUG_INFO = YES;
				ONLY_ACTIVE_ARCH = YES;
				SDKROOT = iphoneos;
				SWIFT_ACTIVE_COMPILATION_CONDITIONS = DEBUG;
				SWIFT_OPTIMIZATION_LEVEL = "-Onone";
			};
			name = Debug;
		};
		CBD2ABA21EE0682800974383 /* Release */ = {
			isa = XCBuildConfiguration;
			buildSettings = {
				ALWAYS_SEARCH_USER_PATHS = NO;
				CLANG_ANALYZER_NONNULL = YES;
				CLANG_ANALYZER_NUMBER_OBJECT_CONVERSION = YES_AGGRESSIVE;
				CLANG_CXX_LANGUAGE_STANDARD = "gnu++0x";
				CLANG_CXX_LIBRARY = "libc++";
				CLANG_ENABLE_MODULES = YES;
				CLANG_ENABLE_OBJC_ARC = YES;
				CLANG_WARN_BOOL_CONVERSION = YES;
				CLANG_WARN_CONSTANT_CONVERSION = YES;
				CLANG_WARN_DIRECT_OBJC_ISA_USAGE = YES_ERROR;
				CLANG_WARN_DOCUMENTATION_COMMENTS = YES;
				CLANG_WARN_EMPTY_BODY = YES;
				CLANG_WARN_ENUM_CONVERSION = YES;
				CLANG_WARN_INFINITE_RECURSION = YES;
				CLANG_WARN_INT_CONVERSION = YES;
				CLANG_WARN_OBJC_ROOT_CLASS = YES_ERROR;
				CLANG_WARN_SUSPICIOUS_MOVE = YES;
				CLANG_WARN_UNREACHABLE_CODE = YES;
				CLANG_WARN__DUPLICATE_METHOD_MATCH = YES;
				"CODE_SIGN_IDENTITY[sdk=iphoneos*]" = "iPhone Developer";
				COPY_PHASE_STRIP = NO;
				DEBUG_INFORMATION_FORMAT = "dwarf-with-dsym";
				ENABLE_NS_ASSERTIONS = NO;
				ENABLE_STRICT_OBJC_MSGSEND = YES;
				GCC_C_LANGUAGE_STANDARD = gnu99;
				GCC_NO_COMMON_BLOCKS = YES;
				GCC_WARN_64_TO_32_BIT_CONVERSION = YES;
				GCC_WARN_ABOUT_RETURN_TYPE = YES_ERROR;
				GCC_WARN_UNDECLARED_SELECTOR = YES;
				GCC_WARN_UNINITIALIZED_AUTOS = YES_AGGRESSIVE;
				GCC_WARN_UNUSED_FUNCTION = YES;
				GCC_WARN_UNUSED_VARIABLE = YES;
				IPHONEOS_DEPLOYMENT_TARGET = 10.3;
				MTL_ENABLE_DEBUG_INFO = NO;
				SDKROOT = iphoneos;
				SWIFT_OPTIMIZATION_LEVEL = "-Owholemodule";
				VALIDATE_PRODUCT = YES;
			};
			name = Release;
		};
		CBD2ABA41EE0682800974383 /* Debug */ = {
			isa = XCBuildConfiguration;
			buildSettings = {
				ASSETCATALOG_COMPILER_APPICON_NAME = AppIcon;
				DEPLOYMENT_POSTPROCESSING = NO;
				DEVELOPMENT_TEAM = CB6DHSUPD9;
				FRAMEWORK_SEARCH_PATHS = (
					"$(inherited)",
					"$(PROJECT_DIR)/Framework",
				);
				INFOPLIST_FILE = "Hey Coacher/Info.plist";
				LD_RUNPATH_SEARCH_PATHS = "$(inherited) @executable_path/Frameworks";
				PRODUCT_BUNDLE_IDENTIFIER = "com.imperial-smartbike.Hey-Coacher";
				PRODUCT_NAME = "$(TARGET_NAME)";
				SWIFT_OBJC_BRIDGING_HEADER = "$(PROJECT_DIR)/OpenEarsHeader.h";
				SWIFT_VERSION = 3.0;
			};
			name = Debug;
		};
		CBD2ABA51EE0682800974383 /* Release */ = {
			isa = XCBuildConfiguration;
			buildSettings = {
				ASSETCATALOG_COMPILER_APPICON_NAME = AppIcon;
				DEPLOYMENT_POSTPROCESSING = NO;
				DEVELOPMENT_TEAM = CB6DHSUPD9;
				FRAMEWORK_SEARCH_PATHS = (
					"$(inherited)",
					"$(PROJECT_DIR)/Framework",
				);
				INFOPLIST_FILE = "Hey Coacher/Info.plist";
				LD_RUNPATH_SEARCH_PATHS = "$(inherited) @executable_path/Frameworks";
				PRODUCT_BUNDLE_IDENTIFIER = "com.imperial-smartbike.Hey-Coacher";
				PRODUCT_NAME = "$(TARGET_NAME)";
				SWIFT_OBJC_BRIDGING_HEADER = "$(PROJECT_DIR)/OpenEarsHeader.h";
				SWIFT_VERSION = 3.0;
			};
			name = Release;
		};
/* End XCBuildConfiguration section */

/* Begin XCConfigurationList section */
		CBD2AB8C1EE0682700974383 /* Build configuration list for PBXProject "Hey Coacher" */ = {
			isa = XCConfigurationList;
			buildConfigurations = (
				CBD2ABA11EE0682800974383 /* Debug */,
				CBD2ABA21EE0682800974383 /* Release */,
			);
			defaultConfigurationIsVisible = 0;
			defaultConfigurationName = Release;
		};
		CBD2ABA31EE0682800974383 /* Build configuration list for PBXNativeTarget "Hey Coacher" */ = {
			isa = XCConfigurationList;
			buildConfigurations = (
				CBD2ABA41EE0682800974383 /* Debug */,
				CBD2ABA51EE0682800974383 /* Release */,
			);
			defaultConfigurationIsVisible = 0;
			defaultConfigurationName = Release;
		};
/* End XCConfigurationList section */
	};
	rootObject = CBD2AB891EE0682700974383 /* Project object */;
}
